// !$*UTF8*$!
{
	archiveVersion = 1;
	classes = {
	};
	objectVersion = 50;
	objects = {

/* Begin PBXBuildFile section */
		F16D72CD26F7846000263DB0 /* AppDelegate.swift in Sources */ = {isa = PBXBuildFile; fileRef = F16D72CC26F7846000263DB0 /* AppDelegate.swift */; };
		F16D72D626F7846300263DB0 /* Assets.xcassets in Resources */ = {isa = PBXBuildFile; fileRef = F16D72D526F7846300263DB0 /* Assets.xcassets */; };
		F16D72D926F7846300263DB0 /* LaunchScreen.storyboard in Resources */ = {isa = PBXBuildFile; fileRef = F16D72D726F7846300263DB0 /* LaunchScreen.storyboard */; };
		F16D72E426F7846300263DB0 /* LeBonCoinLiteTests.swift in Sources */ = {isa = PBXBuildFile; fileRef = F16D72E326F7846300263DB0 /* LeBonCoinLiteTests.swift */; };
		F16D72EF26F7846300263DB0 /* LeBonCoinLiteUITests.swift in Sources */ = {isa = PBXBuildFile; fileRef = F16D72EE26F7846300263DB0 /* LeBonCoinLiteUITests.swift */; };
		F16D72FD26F7882100263DB0 /* AppCoordinator.swift in Sources */ = {isa = PBXBuildFile; fileRef = F16D72FC26F7882100263DB0 /* AppCoordinator.swift */; };
		F16D730226F78DF400263DB0 /* Document.swift in Sources */ = {isa = PBXBuildFile; fileRef = F16D730126F78DF400263DB0 /* Document.swift */; };
		F16D730426F7931600263DB0 /* AdsTableViewController.swift in Sources */ = {isa = PBXBuildFile; fileRef = F16D730326F7931600263DB0 /* AdsTableViewController.swift */; };
		F16D730726F8AC7000263DB0 /* ClassifiedAd.swift in Sources */ = {isa = PBXBuildFile; fileRef = F16D730626F8AC7000263DB0 /* ClassifiedAd.swift */; };
		F16D730826F8B9EE00263DB0 /* ClassifiedAd.swift in Sources */ = {isa = PBXBuildFile; fileRef = F16D730626F8AC7000263DB0 /* ClassifiedAd.swift */; };
		F16D730926F8BB5D00263DB0 /* Document.swift in Sources */ = {isa = PBXBuildFile; fileRef = F16D730126F78DF400263DB0 /* Document.swift */; };
		F16D730B26F8D37D00263DB0 /* Document+ClassifiedAd.swift in Sources */ = {isa = PBXBuildFile; fileRef = F16D730A26F8D37D00263DB0 /* Document+ClassifiedAd.swift */; };
		F16D730C26F8D37D00263DB0 /* Document+ClassifiedAd.swift in Sources */ = {isa = PBXBuildFile; fileRef = F16D730A26F8D37D00263DB0 /* Document+ClassifiedAd.swift */; };
		F16D731226F8DB4900263DB0 /* ads.json in Resources */ = {isa = PBXBuildFile; fileRef = F16D731126F8DB4900263DB0 /* ads.json */; };
		F16D731326F8DB4900263DB0 /* ads.json in Resources */ = {isa = PBXBuildFile; fileRef = F16D731126F8DB4900263DB0 /* ads.json */; };
		F16D731626F8DBBC00263DB0 /* ModelParsingTests.swift in Sources */ = {isa = PBXBuildFile; fileRef = F16D731526F8DBBC00263DB0 /* ModelParsingTests.swift */; };
		F16D731826F97F8500263DB0 /* Category.swift in Sources */ = {isa = PBXBuildFile; fileRef = F16D731726F97F8500263DB0 /* Category.swift */; };
		F16D731926F97F8500263DB0 /* Category.swift in Sources */ = {isa = PBXBuildFile; fileRef = F16D731726F97F8500263DB0 /* Category.swift */; };
		F16D731B26F97FE700263DB0 /* Document+Category.swift in Sources */ = {isa = PBXBuildFile; fileRef = F16D731A26F97FE700263DB0 /* Document+Category.swift */; };
		F16D731C26F97FE700263DB0 /* Document+Category.swift in Sources */ = {isa = PBXBuildFile; fileRef = F16D731A26F97FE700263DB0 /* Document+Category.swift */; };
		F16D731E26F9894500263DB0 /* categories.json in Resources */ = {isa = PBXBuildFile; fileRef = F16D731D26F9894500263DB0 /* categories.json */; };
		F16D731F26F9894500263DB0 /* categories.json in Resources */ = {isa = PBXBuildFile; fileRef = F16D731D26F9894500263DB0 /* categories.json */; };
		F176537726FA4A6A007C3356 /* AdsPresenter.swift in Sources */ = {isa = PBXBuildFile; fileRef = F176537626FA4A6A007C3356 /* AdsPresenter.swift */; };
		F176537926FA583D007C3356 /* AdDetailViewController.swift in Sources */ = {isa = PBXBuildFile; fileRef = F176537826FA583D007C3356 /* AdDetailViewController.swift */; };
		F176537B26FA585F007C3356 /* AdDetailPresenter.swift in Sources */ = {isa = PBXBuildFile; fileRef = F176537A26FA585F007C3356 /* AdDetailPresenter.swift */; };
/* End PBXBuildFile section */

/* Begin PBXContainerItemProxy section */
		F16D72E026F7846300263DB0 /* PBXContainerItemProxy */ = {
			isa = PBXContainerItemProxy;
			containerPortal = F16D72C126F7846000263DB0 /* Project object */;
			proxyType = 1;
			remoteGlobalIDString = F16D72C826F7846000263DB0;
			remoteInfo = LeBonCoinLite;
		};
		F16D72EB26F7846300263DB0 /* PBXContainerItemProxy */ = {
			isa = PBXContainerItemProxy;
			containerPortal = F16D72C126F7846000263DB0 /* Project object */;
			proxyType = 1;
			remoteGlobalIDString = F16D72C826F7846000263DB0;
			remoteInfo = LeBonCoinLite;
		};
/* End PBXContainerItemProxy section */

/* Begin PBXFileReference section */
		F16D72C926F7846000263DB0 /* LeBonCoinLite.app */ = {isa = PBXFileReference; explicitFileType = wrapper.application; includeInIndex = 0; path = LeBonCoinLite.app; sourceTree = BUILT_PRODUCTS_DIR; };
		F16D72CC26F7846000263DB0 /* AppDelegate.swift */ = {isa = PBXFileReference; lastKnownFileType = sourcecode.swift; path = AppDelegate.swift; sourceTree = "<group>"; };
		F16D72D526F7846300263DB0 /* Assets.xcassets */ = {isa = PBXFileReference; lastKnownFileType = folder.assetcatalog; path = Assets.xcassets; sourceTree = "<group>"; };
		F16D72D826F7846300263DB0 /* Base */ = {isa = PBXFileReference; lastKnownFileType = file.storyboard; name = Base; path = Base.lproj/LaunchScreen.storyboard; sourceTree = "<group>"; };
		F16D72DA26F7846300263DB0 /* Info.plist */ = {isa = PBXFileReference; lastKnownFileType = text.plist.xml; path = Info.plist; sourceTree = "<group>"; };
		F16D72DF26F7846300263DB0 /* LeBonCoinLiteTests.xctest */ = {isa = PBXFileReference; explicitFileType = wrapper.cfbundle; includeInIndex = 0; path = LeBonCoinLiteTests.xctest; sourceTree = BUILT_PRODUCTS_DIR; };
		F16D72E326F7846300263DB0 /* LeBonCoinLiteTests.swift */ = {isa = PBXFileReference; lastKnownFileType = sourcecode.swift; path = LeBonCoinLiteTests.swift; sourceTree = "<group>"; };
		F16D72E526F7846300263DB0 /* Info.plist */ = {isa = PBXFileReference; lastKnownFileType = text.plist.xml; path = Info.plist; sourceTree = "<group>"; };
		F16D72EA26F7846300263DB0 /* LeBonCoinLiteUITests.xctest */ = {isa = PBXFileReference; explicitFileType = wrapper.cfbundle; includeInIndex = 0; path = LeBonCoinLiteUITests.xctest; sourceTree = BUILT_PRODUCTS_DIR; };
		F16D72EE26F7846300263DB0 /* LeBonCoinLiteUITests.swift */ = {isa = PBXFileReference; lastKnownFileType = sourcecode.swift; path = LeBonCoinLiteUITests.swift; sourceTree = "<group>"; };
		F16D72F026F7846300263DB0 /* Info.plist */ = {isa = PBXFileReference; lastKnownFileType = text.plist.xml; path = Info.plist; sourceTree = "<group>"; };
		F16D72FC26F7882100263DB0 /* AppCoordinator.swift */ = {isa = PBXFileReference; lastKnownFileType = sourcecode.swift; path = AppCoordinator.swift; sourceTree = "<group>"; };
		F16D730126F78DF400263DB0 /* Document.swift */ = {isa = PBXFileReference; lastKnownFileType = sourcecode.swift; path = Document.swift; sourceTree = "<group>"; };
		F16D730326F7931600263DB0 /* AdsTableViewController.swift */ = {isa = PBXFileReference; lastKnownFileType = sourcecode.swift; path = AdsTableViewController.swift; sourceTree = "<group>"; };
		F16D730626F8AC7000263DB0 /* ClassifiedAd.swift */ = {isa = PBXFileReference; lastKnownFileType = sourcecode.swift; path = ClassifiedAd.swift; sourceTree = "<group>"; };
		F16D730A26F8D37D00263DB0 /* Document+ClassifiedAd.swift */ = {isa = PBXFileReference; lastKnownFileType = sourcecode.swift; path = "Document+ClassifiedAd.swift"; sourceTree = "<group>"; };
		F16D731126F8DB4900263DB0 /* ads.json */ = {isa = PBXFileReference; lastKnownFileType = text.json; path = ads.json; sourceTree = "<group>"; };
		F16D731526F8DBBC00263DB0 /* ModelParsingTests.swift */ = {isa = PBXFileReference; lastKnownFileType = sourcecode.swift; path = ModelParsingTests.swift; sourceTree = "<group>"; };
		F16D731726F97F8500263DB0 /* Category.swift */ = {isa = PBXFileReference; lastKnownFileType = sourcecode.swift; path = Category.swift; sourceTree = "<group>"; };
		F16D731A26F97FE700263DB0 /* Document+Category.swift */ = {isa = PBXFileReference; lastKnownFileType = sourcecode.swift; path = "Document+Category.swift"; sourceTree = "<group>"; };
		F16D731D26F9894500263DB0 /* categories.json */ = {isa = PBXFileReference; lastKnownFileType = text.json; path = categories.json; sourceTree = "<group>"; };
		F176537626FA4A6A007C3356 /* AdsPresenter.swift */ = {isa = PBXFileReference; lastKnownFileType = sourcecode.swift; path = AdsPresenter.swift; sourceTree = "<group>"; };
		F176537826FA583D007C3356 /* AdDetailViewController.swift */ = {isa = PBXFileReference; lastKnownFileType = sourcecode.swift; path = AdDetailViewController.swift; sourceTree = "<group>"; };
		F176537A26FA585F007C3356 /* AdDetailPresenter.swift */ = {isa = PBXFileReference; lastKnownFileType = sourcecode.swift; path = AdDetailPresenter.swift; sourceTree = "<group>"; };
/* End PBXFileReference section */

/* Begin PBXFrameworksBuildPhase section */
		F16D72C626F7846000263DB0 /* Frameworks */ = {
			isa = PBXFrameworksBuildPhase;
			buildActionMask = 2147483647;
			files = (
			);
			runOnlyForDeploymentPostprocessing = 0;
		};
		F16D72DC26F7846300263DB0 /* Frameworks */ = {
			isa = PBXFrameworksBuildPhase;
			buildActionMask = 2147483647;
			files = (
			);
			runOnlyForDeploymentPostprocessing = 0;
		};
		F16D72E726F7846300263DB0 /* Frameworks */ = {
			isa = PBXFrameworksBuildPhase;
			buildActionMask = 2147483647;
			files = (
			);
			runOnlyForDeploymentPostprocessing = 0;
		};
/* End PBXFrameworksBuildPhase section */

/* Begin PBXGroup section */
		F16D72C026F7846000263DB0 = {
			isa = PBXGroup;
			children = (
				F16D72CB26F7846000263DB0 /* LeBonCoinLite */,
				F16D72E226F7846300263DB0 /* LeBonCoinLiteTests */,
				F16D72ED26F7846300263DB0 /* LeBonCoinLiteUITests */,
				F16D72CA26F7846000263DB0 /* Products */,
			);
			sourceTree = "<group>";
		};
		F16D72CA26F7846000263DB0 /* Products */ = {
			isa = PBXGroup;
			children = (
				F16D72C926F7846000263DB0 /* LeBonCoinLite.app */,
				F16D72DF26F7846300263DB0 /* LeBonCoinLiteTests.xctest */,
				F16D72EA26F7846300263DB0 /* LeBonCoinLiteUITests.xctest */,
			);
			name = Products;
			sourceTree = "<group>";
		};
		F16D72CB26F7846000263DB0 /* LeBonCoinLite */ = {
			isa = PBXGroup;
			children = (
				F16D730D26F8D38400263DB0 /* Document */,
				F16D730526F8ABF500263DB0 /* Model */,
				F16D730026F78D4B00263DB0 /* UI */,
				F16D72CC26F7846000263DB0 /* AppDelegate.swift */,
				F16D72FC26F7882100263DB0 /* AppCoordinator.swift */,
				F16D72D526F7846300263DB0 /* Assets.xcassets */,
				F16D72D726F7846300263DB0 /* LaunchScreen.storyboard */,
				F16D72DA26F7846300263DB0 /* Info.plist */,
			);
			path = LeBonCoinLite;
			sourceTree = "<group>";
		};
		F16D72E226F7846300263DB0 /* LeBonCoinLiteTests */ = {
			isa = PBXGroup;
			children = (
				F16D72E326F7846300263DB0 /* LeBonCoinLiteTests.swift */,
				F16D731526F8DBBC00263DB0 /* ModelParsingTests.swift */,
				F16D72E526F7846300263DB0 /* Info.plist */,
				F16D731426F8DB6400263DB0 /* Resources */,
			);
			path = LeBonCoinLiteTests;
			sourceTree = "<group>";
		};
		F16D72ED26F7846300263DB0 /* LeBonCoinLiteUITests */ = {
			isa = PBXGroup;
			children = (
				F16D72EE26F7846300263DB0 /* LeBonCoinLiteUITests.swift */,
				F16D72F026F7846300263DB0 /* Info.plist */,
			);
			path = LeBonCoinLiteUITests;
			sourceTree = "<group>";
		};
		F16D730026F78D4B00263DB0 /* UI */ = {
			isa = PBXGroup;
			children = (
				F16D730326F7931600263DB0 /* AdsTableViewController.swift */,
				F176537626FA4A6A007C3356 /* AdsPresenter.swift */,
				F176537826FA583D007C3356 /* AdDetailViewController.swift */,
				F176537A26FA585F007C3356 /* AdDetailPresenter.swift */,
			);
			path = UI;
			sourceTree = "<group>";
		};
		F16D730526F8ABF500263DB0 /* Model */ = {
			isa = PBXGroup;
			children = (
				F16D730626F8AC7000263DB0 /* ClassifiedAd.swift */,
				F16D731726F97F8500263DB0 /* Category.swift */,
			);
			path = Model;
			sourceTree = "<group>";
		};
		F16D730D26F8D38400263DB0 /* Document */ = {
			isa = PBXGroup;
			children = (
				F16D730126F78DF400263DB0 /* Document.swift */,
				F16D730A26F8D37D00263DB0 /* Document+ClassifiedAd.swift */,
				F16D731A26F97FE700263DB0 /* Document+Category.swift */,
			);
			path = Document;
			sourceTree = "<group>";
		};
		F16D731426F8DB6400263DB0 /* Resources */ = {
			isa = PBXGroup;
			children = (
				F16D731126F8DB4900263DB0 /* ads.json */,
				F16D731D26F9894500263DB0 /* categories.json */,
			);
			path = Resources;
			sourceTree = "<group>";
		};
/* End PBXGroup section */

/* Begin PBXNativeTarget section */
		F16D72C826F7846000263DB0 /* LeBonCoinLite */ = {
			isa = PBXNativeTarget;
			buildConfigurationList = F16D72F326F7846300263DB0 /* Build configuration list for PBXNativeTarget "LeBonCoinLite" */;
			buildPhases = (
				F16D72C526F7846000263DB0 /* Sources */,
				F16D72C626F7846000263DB0 /* Frameworks */,
				F16D72C726F7846000263DB0 /* Resources */,
			);
			buildRules = (
			);
			dependencies = (
			);
			name = LeBonCoinLite;
			productName = LeBonCoinLite;
			productReference = F16D72C926F7846000263DB0 /* LeBonCoinLite.app */;
			productType = "com.apple.product-type.application";
		};
		F16D72DE26F7846300263DB0 /* LeBonCoinLiteTests */ = {
			isa = PBXNativeTarget;
			buildConfigurationList = F16D72F626F7846300263DB0 /* Build configuration list for PBXNativeTarget "LeBonCoinLiteTests" */;
			buildPhases = (
				F16D72DB26F7846300263DB0 /* Sources */,
				F16D72DC26F7846300263DB0 /* Frameworks */,
				F16D72DD26F7846300263DB0 /* Resources */,
			);
			buildRules = (
			);
			dependencies = (
				F16D72E126F7846300263DB0 /* PBXTargetDependency */,
			);
			name = LeBonCoinLiteTests;
			productName = LeBonCoinLiteTests;
			productReference = F16D72DF26F7846300263DB0 /* LeBonCoinLiteTests.xctest */;
			productType = "com.apple.product-type.bundle.unit-test";
		};
		F16D72E926F7846300263DB0 /* LeBonCoinLiteUITests */ = {
			isa = PBXNativeTarget;
			buildConfigurationList = F16D72F926F7846300263DB0 /* Build configuration list for PBXNativeTarget "LeBonCoinLiteUITests" */;
			buildPhases = (
				F16D72E626F7846300263DB0 /* Sources */,
				F16D72E726F7846300263DB0 /* Frameworks */,
				F16D72E826F7846300263DB0 /* Resources */,
			);
			buildRules = (
			);
			dependencies = (
				F16D72EC26F7846300263DB0 /* PBXTargetDependency */,
			);
			name = LeBonCoinLiteUITests;
			productName = LeBonCoinLiteUITests;
			productReference = F16D72EA26F7846300263DB0 /* LeBonCoinLiteUITests.xctest */;
			productType = "com.apple.product-type.bundle.ui-testing";
		};
/* End PBXNativeTarget section */

/* Begin PBXProject section */
		F16D72C126F7846000263DB0 /* Project object */ = {
			isa = PBXProject;
			attributes = {
				LastSwiftUpdateCheck = 1250;
				LastUpgradeCheck = 1250;
				TargetAttributes = {
					F16D72C826F7846000263DB0 = {
						CreatedOnToolsVersion = 12.5.1;
					};
					F16D72DE26F7846300263DB0 = {
						CreatedOnToolsVersion = 12.5.1;
						TestTargetID = F16D72C826F7846000263DB0;
					};
					F16D72E926F7846300263DB0 = {
						CreatedOnToolsVersion = 12.5.1;
						TestTargetID = F16D72C826F7846000263DB0;
					};
				};
			};
			buildConfigurationList = F16D72C426F7846000263DB0 /* Build configuration list for PBXProject "LeBonCoinLite" */;
			compatibilityVersion = "Xcode 9.3";
			developmentRegion = en;
			hasScannedForEncodings = 0;
			knownRegions = (
				en,
				Base,
			);
			mainGroup = F16D72C026F7846000263DB0;
			productRefGroup = F16D72CA26F7846000263DB0 /* Products */;
			projectDirPath = "";
			projectRoot = "";
			targets = (
				F16D72C826F7846000263DB0 /* LeBonCoinLite */,
				F16D72DE26F7846300263DB0 /* LeBonCoinLiteTests */,
				F16D72E926F7846300263DB0 /* LeBonCoinLiteUITests */,
			);
		};
/* End PBXProject section */

/* Begin PBXResourcesBuildPhase section */
		F16D72C726F7846000263DB0 /* Resources */ = {
			isa = PBXResourcesBuildPhase;
			buildActionMask = 2147483647;
			files = (
				F16D72D926F7846300263DB0 /* LaunchScreen.storyboard in Resources */,
				F16D731E26F9894500263DB0 /* categories.json in Resources */,
				F16D72D626F7846300263DB0 /* Assets.xcassets in Resources */,
				F16D731226F8DB4900263DB0 /* ads.json in Resources */,
			);
			runOnlyForDeploymentPostprocessing = 0;
		};
		F16D72DD26F7846300263DB0 /* Resources */ = {
			isa = PBXResourcesBuildPhase;
			buildActionMask = 2147483647;
			files = (
				F16D731326F8DB4900263DB0 /* ads.json in Resources */,
				F16D731F26F9894500263DB0 /* categories.json in Resources */,
			);
			runOnlyForDeploymentPostprocessing = 0;
		};
		F16D72E826F7846300263DB0 /* Resources */ = {
			isa = PBXResourcesBuildPhase;
			buildActionMask = 2147483647;
			files = (
			);
			runOnlyForDeploymentPostprocessing = 0;
		};
/* End PBXResourcesBuildPhase section */

/* Begin PBXSourcesBuildPhase section */
		F16D72C526F7846000263DB0 /* Sources */ = {
			isa = PBXSourcesBuildPhase;
			buildActionMask = 2147483647;
			files = (
				F176537926FA583D007C3356 /* AdDetailViewController.swift in Sources */,
				F176537B26FA585F007C3356 /* AdDetailPresenter.swift in Sources */,
				F16D730226F78DF400263DB0 /* Document.swift in Sources */,
				F16D730726F8AC7000263DB0 /* ClassifiedAd.swift in Sources */,
				F16D731B26F97FE700263DB0 /* Document+Category.swift in Sources */,
				F16D730B26F8D37D00263DB0 /* Document+ClassifiedAd.swift in Sources */,
				F16D72FD26F7882100263DB0 /* AppCoordinator.swift in Sources */,
				F16D72CD26F7846000263DB0 /* AppDelegate.swift in Sources */,
				F16D730426F7931600263DB0 /* AdsTableViewController.swift in Sources */,
				F176537726FA4A6A007C3356 /* AdsPresenter.swift in Sources */,
				F16D731826F97F8500263DB0 /* Category.swift in Sources */,
			);
			runOnlyForDeploymentPostprocessing = 0;
		};
		F16D72DB26F7846300263DB0 /* Sources */ = {
			isa = PBXSourcesBuildPhase;
			buildActionMask = 2147483647;
			files = (
				F16D730C26F8D37D00263DB0 /* Document+ClassifiedAd.swift in Sources */,
				F16D72E426F7846300263DB0 /* LeBonCoinLiteTests.swift in Sources */,
				F16D731626F8DBBC00263DB0 /* ModelParsingTests.swift in Sources */,
				F16D730826F8B9EE00263DB0 /* ClassifiedAd.swift in Sources */,
				F16D730926F8BB5D00263DB0 /* Document.swift in Sources */,
				F16D731C26F97FE700263DB0 /* Document+Category.swift in Sources */,
				F16D731926F97F8500263DB0 /* Category.swift in Sources */,
			);
			runOnlyForDeploymentPostprocessing = 0;
		};
		F16D72E626F7846300263DB0 /* Sources */ = {
			isa = PBXSourcesBuildPhase;
			buildActionMask = 2147483647;
			files = (
				F16D72EF26F7846300263DB0 /* LeBonCoinLiteUITests.swift in Sources */,
			);
			runOnlyForDeploymentPostprocessing = 0;
		};
/* End PBXSourcesBuildPhase section */

/* Begin PBXTargetDependency section */
		F16D72E126F7846300263DB0 /* PBXTargetDependency */ = {
			isa = PBXTargetDependency;
			target = F16D72C826F7846000263DB0 /* LeBonCoinLite */;
			targetProxy = F16D72E026F7846300263DB0 /* PBXContainerItemProxy */;
		};
		F16D72EC26F7846300263DB0 /* PBXTargetDependency */ = {
			isa = PBXTargetDependency;
			target = F16D72C826F7846000263DB0 /* LeBonCoinLite */;
			targetProxy = F16D72EB26F7846300263DB0 /* PBXContainerItemProxy */;
		};
/* End PBXTargetDependency section */

/* Begin PBXVariantGroup section */
		F16D72D726F7846300263DB0 /* LaunchScreen.storyboard */ = {
			isa = PBXVariantGroup;
			children = (
				F16D72D826F7846300263DB0 /* Base */,
			);
			name = LaunchScreen.storyboard;
			sourceTree = "<group>";
		};
/* End PBXVariantGroup section */

/* Begin XCBuildConfiguration section */
		F16D72F126F7846300263DB0 /* Debug */ = {
			isa = XCBuildConfiguration;
			buildSettings = {
				ALWAYS_SEARCH_USER_PATHS = NO;
				CLANG_ANALYZER_NONNULL = YES;
				CLANG_ANALYZER_NUMBER_OBJECT_CONVERSION = YES_AGGRESSIVE;
				CLANG_CXX_LANGUAGE_STANDARD = "gnu++14";
				CLANG_CXX_LIBRARY = "libc++";
				CLANG_ENABLE_MODULES = YES;
				CLANG_ENABLE_OBJC_ARC = YES;
				CLANG_ENABLE_OBJC_WEAK = YES;
				CLANG_WARN_BLOCK_CAPTURE_AUTORELEASING = YES;
				CLANG_WARN_BOOL_CONVERSION = YES;
				CLANG_WARN_COMMA = YES;
				CLANG_WARN_CONSTANT_CONVERSION = YES;
				CLANG_WARN_DEPRECATED_OBJC_IMPLEMENTATIONS = YES;
				CLANG_WARN_DIRECT_OBJC_ISA_USAGE = YES_ERROR;
				CLANG_WARN_DOCUMENTATION_COMMENTS = YES;
				CLANG_WARN_EMPTY_BODY = YES;
				CLANG_WARN_ENUM_CONVERSION = YES;
				CLANG_WARN_INFINITE_RECURSION = YES;
				CLANG_WARN_INT_CONVERSION = YES;
				CLANG_WARN_NON_LITERAL_NULL_CONVERSION = YES;
				CLANG_WARN_OBJC_IMPLICIT_RETAIN_SELF = YES;
				CLANG_WARN_OBJC_LITERAL_CONVERSION = YES;
				CLANG_WARN_OBJC_ROOT_CLASS = YES_ERROR;
				CLANG_WARN_QUOTED_INCLUDE_IN_FRAMEWORK_HEADER = YES;
				CLANG_WARN_RANGE_LOOP_ANALYSIS = YES;
				CLANG_WARN_STRICT_PROTOTYPES = YES;
				CLANG_WARN_SUSPICIOUS_MOVE = YES;
				CLANG_WARN_UNGUARDED_AVAILABILITY = YES_AGGRESSIVE;
				CLANG_WARN_UNREACHABLE_CODE = YES;
				CLANG_WARN__DUPLICATE_METHOD_MATCH = YES;
				COPY_PHASE_STRIP = NO;
				DEBUG_INFORMATION_FORMAT = dwarf;
				ENABLE_STRICT_OBJC_MSGSEND = YES;
				ENABLE_TESTABILITY = YES;
				GCC_C_LANGUAGE_STANDARD = gnu11;
				GCC_DYNAMIC_NO_PIC = NO;
				GCC_NO_COMMON_BLOCKS = YES;
				GCC_OPTIMIZATION_LEVEL = 0;
				GCC_PREPROCESSOR_DEFINITIONS = (
					"DEBUG=1",
					"$(inherited)",
				);
				GCC_WARN_64_TO_32_BIT_CONVERSION = YES;
				GCC_WARN_ABOUT_RETURN_TYPE = YES_ERROR;
				GCC_WARN_UNDECLARED_SELECTOR = YES;
				GCC_WARN_UNINITIALIZED_AUTOS = YES_AGGRESSIVE;
				GCC_WARN_UNUSED_FUNCTION = YES;
				GCC_WARN_UNUSED_VARIABLE = YES;
				IPHONEOS_DEPLOYMENT_TARGET = 14.5;
				MTL_ENABLE_DEBUG_INFO = INCLUDE_SOURCE;
				MTL_FAST_MATH = YES;
				ONLY_ACTIVE_ARCH = YES;
				SDKROOT = iphoneos;
				SWIFT_ACTIVE_COMPILATION_CONDITIONS = DEBUG;
				SWIFT_OPTIMIZATION_LEVEL = "-Onone";
			};
			name = Debug;
		};
		F16D72F226F7846300263DB0 /* Release */ = {
			isa = XCBuildConfiguration;
			buildSettings = {
				ALWAYS_SEARCH_USER_PATHS = NO;
				CLANG_ANALYZER_NONNULL = YES;
				CLANG_ANALYZER_NUMBER_OBJECT_CONVERSION = YES_AGGRESSIVE;
				CLANG_CXX_LANGUAGE_STANDARD = "gnu++14";
				CLANG_CXX_LIBRARY = "libc++";
				CLANG_ENABLE_MODULES = YES;
				CLANG_ENABLE_OBJC_ARC = YES;
				CLANG_ENABLE_OBJC_WEAK = YES;
				CLANG_WARN_BLOCK_CAPTURE_AUTORELEASING = YES;
				CLANG_WARN_BOOL_CONVERSION = YES;
				CLANG_WARN_COMMA = YES;
				CLANG_WARN_CONSTANT_CONVERSION = YES;
				CLANG_WARN_DEPRECATED_OBJC_IMPLEMENTATIONS = YES;
				CLANG_WARN_DIRECT_OBJC_ISA_USAGE = YES_ERROR;
				CLANG_WARN_DOCUMENTATION_COMMENTS = YES;
				CLANG_WARN_EMPTY_BODY = YES;
				CLANG_WARN_ENUM_CONVERSION = YES;
				CLANG_WARN_INFINITE_RECURSION = YES;
				CLANG_WARN_INT_CONVERSION = YES;
				CLANG_WARN_NON_LITERAL_NULL_CONVERSION = YES;
				CLANG_WARN_OBJC_IMPLICIT_RETAIN_SELF = YES;
				CLANG_WARN_OBJC_LITERAL_CONVERSION = YES;
				CLANG_WARN_OBJC_ROOT_CLASS = YES_ERROR;
				CLANG_WARN_QUOTED_INCLUDE_IN_FRAMEWORK_HEADER = YES;
				CLANG_WARN_RANGE_LOOP_ANALYSIS = YES;
				CLANG_WARN_STRICT_PROTOTYPES = YES;
				CLANG_WARN_SUSPICIOUS_MOVE = YES;
				CLANG_WARN_UNGUARDED_AVAILABILITY = YES_AGGRESSIVE;
				CLANG_WARN_UNREACHABLE_CODE = YES;
				CLANG_WARN__DUPLICATE_METHOD_MATCH = YES;
				COPY_PHASE_STRIP = NO;
				DEBUG_INFORMATION_FORMAT = "dwarf-with-dsym";
				ENABLE_NS_ASSERTIONS = NO;
				ENABLE_STRICT_OBJC_MSGSEND = YES;
				GCC_C_LANGUAGE_STANDARD = gnu11;
				GCC_NO_COMMON_BLOCKS = YES;
				GCC_WARN_64_TO_32_BIT_CONVERSION = YES;
				GCC_WARN_ABOUT_RETURN_TYPE = YES_ERROR;
				GCC_WARN_UNDECLARED_SELECTOR = YES;
				GCC_WARN_UNINITIALIZED_AUTOS = YES_AGGRESSIVE;
				GCC_WARN_UNUSED_FUNCTION = YES;
				GCC_WARN_UNUSED_VARIABLE = YES;
				IPHONEOS_DEPLOYMENT_TARGET = 14.5;
				MTL_ENABLE_DEBUG_INFO = NO;
				MTL_FAST_MATH = YES;
				SDKROOT = iphoneos;
				SWIFT_COMPILATION_MODE = wholemodule;
				SWIFT_OPTIMIZATION_LEVEL = "-O";
				VALIDATE_PRODUCT = YES;
			};
			name = Release;
		};
		F16D72F426F7846300263DB0 /* Debug */ = {
			isa = XCBuildConfiguration;
			buildSettings = {
				ASSETCATALOG_COMPILER_APPICON_NAME = AppIcon;
				ASSETCATALOG_COMPILER_GLOBAL_ACCENT_COLOR_NAME = AccentColor;
				CODE_SIGN_STYLE = Automatic;
				DEVELOPMENT_TEAM = WRHBQGMB7U;
				INFOPLIST_FILE = LeBonCoinLite/Info.plist;
				IPHONEOS_DEPLOYMENT_TARGET = 12.3;
				LD_RUNPATH_SEARCH_PATHS = (
					"$(inherited)",
					"@executable_path/Frameworks",
				);
				PRODUCT_BUNDLE_IDENTIFIER = com.alexandreguzu.LeBonCoinLite;
				PRODUCT_NAME = "$(TARGET_NAME)";
				SWIFT_VERSION = 5.0;
				TARGETED_DEVICE_FAMILY = "1,2";
			};
			name = Debug;
		};
		F16D72F526F7846300263DB0 /* Release */ = {
			isa = XCBuildConfiguration;
			buildSettings = {
				ASSETCATALOG_COMPILER_APPICON_NAME = AppIcon;
				ASSETCATALOG_COMPILER_GLOBAL_ACCENT_COLOR_NAME = AccentColor;
				CODE_SIGN_STYLE = Automatic;
				DEVELOPMENT_TEAM = WRHBQGMB7U;
				INFOPLIST_FILE = LeBonCoinLite/Info.plist;
				IPHONEOS_DEPLOYMENT_TARGET = 12.3;
				LD_RUNPATH_SEARCH_PATHS = (
					"$(inherited)",
					"@executable_path/Frameworks",
				);
				PRODUCT_BUNDLE_IDENTIFIER = com.alexandreguzu.LeBonCoinLite;
				PRODUCT_NAME = "$(TARGET_NAME)";
				SWIFT_VERSION = 5.0;
				TARGETED_DEVICE_FAMILY = "1,2";
			};
			name = Release;
		};
		F16D72F726F7846300263DB0 /* Debug */ = {
			isa = XCBuildConfiguration;
			buildSettings = {
				ALWAYS_EMBED_SWIFT_STANDARD_LIBRARIES = YES;
				BUNDLE_LOADER = "$(TEST_HOST)";
				CODE_SIGN_STYLE = Automatic;
				DEVELOPMENT_TEAM = WRHBQGMB7U;
				INFOPLIST_FILE = LeBonCoinLiteTests/Info.plist;
				IPHONEOS_DEPLOYMENT_TARGET = 14.5;
				LD_RUNPATH_SEARCH_PATHS = (
					"$(inherited)",
					"@executable_path/Frameworks",
					"@loader_path/Frameworks",
				);
				PRODUCT_BUNDLE_IDENTIFIER = com.alexandreguzu.LeBonCoinLiteTests;
				PRODUCT_NAME = "$(TARGET_NAME)";
				SWIFT_VERSION = 5.0;
				TARGETED_DEVICE_FAMILY = "1,2";
				TEST_HOST = "$(BUILT_PRODUCTS_DIR)/LeBonCoinLite.app/LeBonCoinLite";
			};
			name = Debug;
		};
		F16D72F826F7846300263DB0 /* Release */ = {
			isa = XCBuildConfiguration;
			buildSettings = {
				ALWAYS_EMBED_SWIFT_STANDARD_LIBRARIES = YES;
				BUNDLE_LOADER = "$(TEST_HOST)";
				CODE_SIGN_STYLE = Automatic;
				DEVELOPMENT_TEAM = WRHBQGMB7U;
				INFOPLIST_FILE = LeBonCoinLiteTests/Info.plist;
				IPHONEOS_DEPLOYMENT_TARGET = 14.5;
				LD_RUNPATH_SEARCH_PATHS = (
					"$(inherited)",
					"@executable_path/Frameworks",
					"@loader_path/Frameworks",
				);
				PRODUCT_BUNDLE_IDENTIFIER = com.alexandreguzu.LeBonCoinLiteTests;
				PRODUCT_NAME = "$(TARGET_NAME)";
				SWIFT_VERSION = 5.0;
				TARGETED_DEVICE_FAMILY = "1,2";
				TEST_HOST = "$(BUILT_PRODUCTS_DIR)/LeBonCoinLite.app/LeBonCoinLite";
			};
			name = Release;
		};
		F16D72FA26F7846300263DB0 /* Debug */ = {
			isa = XCBuildConfiguration;
			buildSettings = {
				ALWAYS_EMBED_SWIFT_STANDARD_LIBRARIES = YES;
				CODE_SIGN_STYLE = Automatic;
				DEVELOPMENT_TEAM = WRHBQGMB7U;
				INFOPLIST_FILE = LeBonCoinLiteUITests/Info.plist;
				LD_RUNPATH_SEARCH_PATHS = (
					"$(inherited)",
					"@executable_path/Frameworks",
					"@loader_path/Frameworks",
				);
				PRODUCT_BUNDLE_IDENTIFIER = com.alexandreguzu.LeBonCoinLiteUITests;
				PRODUCT_NAME = "$(TARGET_NAME)";
				SWIFT_VERSION = 5.0;
				TARGETED_DEVICE_FAMILY = "1,2";
				TEST_TARGET_NAME = LeBonCoinLite;
			};
			name = Debug;
		};
		F16D72FB26F7846300263DB0 /* Release */ = {
			isa = XCBuildConfiguration;
			buildSettings = {
				ALWAYS_EMBED_SWIFT_STANDARD_LIBRARIES = YES;
				CODE_SIGN_STYLE = Automatic;
				DEVELOPMENT_TEAM = WRHBQGMB7U;
				INFOPLIST_FILE = LeBonCoinLiteUITests/Info.plist;
				LD_RUNPATH_SEARCH_PATHS = (
					"$(inherited)",
					"@executable_path/Frameworks",
					"@loader_path/Frameworks",
				);
				PRODUCT_BUNDLE_IDENTIFIER = com.alexandreguzu.LeBonCoinLiteUITests;
				PRODUCT_NAME = "$(TARGET_NAME)";
				SWIFT_VERSION = 5.0;
				TARGETED_DEVICE_FAMILY = "1,2";
				TEST_TARGET_NAME = LeBonCoinLite;
			};
			name = Release;
		};
/* End XCBuildConfiguration section */

/* Begin XCConfigurationList section */
		F16D72C426F7846000263DB0 /* Build configuration list for PBXProject "LeBonCoinLite" */ = {
			isa = XCConfigurationList;
			buildConfigurations = (
				F16D72F126F7846300263DB0 /* Debug */,
				F16D72F226F7846300263DB0 /* Release */,
			);
			defaultConfigurationIsVisible = 0;
			defaultConfigurationName = Release;
		};
		F16D72F326F7846300263DB0 /* Build configuration list for PBXNativeTarget "LeBonCoinLite" */ = {
			isa = XCConfigurationList;
			buildConfigurations = (
				F16D72F426F7846300263DB0 /* Debug */,
				F16D72F526F7846300263DB0 /* Release */,
			);
			defaultConfigurationIsVisible = 0;
			defaultConfigurationName = Release;
		};
		F16D72F626F7846300263DB0 /* Build configuration list for PBXNativeTarget "LeBonCoinLiteTests" */ = {
			isa = XCConfigurationList;
			buildConfigurations = (
				F16D72F726F7846300263DB0 /* Debug */,
				F16D72F826F7846300263DB0 /* Release */,
			);
			defaultConfigurationIsVisible = 0;
			defaultConfigurationName = Release;
		};
		F16D72F926F7846300263DB0 /* Build configuration list for PBXNativeTarget "LeBonCoinLiteUITests" */ = {
			isa = XCConfigurationList;
			buildConfigurations = (
				F16D72FA26F7846300263DB0 /* Debug */,
				F16D72FB26F7846300263DB0 /* Release */,
			);
			defaultConfigurationIsVisible = 0;
			defaultConfigurationName = Release;
		};
/* End XCConfigurationList section */
	};
	rootObject = F16D72C126F7846000263DB0 /* Project object */;
}
